
Microsoft Visual Studio Solution File, Format Version 12.00
# Visual Studio Version 16
VisualStudioVersion = 16.0.35826.135
MinimumVisualStudioVersion = 10.0.40219.1
Project("{F184B08F-C81C-45F6-A57F-5ABD9991F28F}") = "HRecipeLibrary", "HRecipeLibrary\HRecipeLibrary.vbproj", "{E5AC5EDF-EE61-4497-A620-DF78BD0783BB}"
EndProject
Global
	GlobalSection(SolutionConfigurationPlatforms) = preSolution
		Debug|Any CPU = Debug|Any CPU
		Release|Any CPU = Release|Any CPU
	EndGlobalSection
	GlobalSection(ProjectConfigurationPlatforms) = postSolution
		{E5AC5EDF-EE61-4497-A620-DF78BD0783BB}.Debug|Any CPU.ActiveCfg = Debug|Any CPU
		{E5AC5EDF-EE61-4497-A620-DF78BD0783BB}.Debug|Any CPU.Build.0 = Debug|Any CPU
		{E5AC5EDF-EE61-4497-A620-DF78BD0783BB}.Release|Any CPU.ActiveCfg = Release|Any CPU
		{E5AC5EDF-EE61-4497-A620-DF78BD0783BB}.Release|Any CPU.Build.0 = Release|Any CPU
	EndGlobalSection
	GlobalSection(SolutionProperties) = preSolution
		HideSolutionNode = FALSE
	EndGlobalSection
	GlobalSection(ExtensibilityGlobals) = postSolution
		SolutionGuid = {803BF632-D1A4-47AD-8A55-3057FA8D4CAA}
	EndGlobalSection
EndGlobal
